
Microsoft Visual Studio Solution File, Format Version 12.00
# Visual Studio Version 17
VisualStudioVersion = 17.10.35013.160
MinimumVisualStudioVersion = 10.0.40219.1
Project("{9A19103F-16F7-4668-BE54-9A1E7A4F7556}") = "UserService.API", "src\UserService\UserService.API\UserService.API.csproj", "{28DFDEF9-A743-478E-ADC1-490259A77EC8}"
EndProject
Project("{9A19103F-16F7-4668-BE54-9A1E7A4F7556}") = "AuthService.API", "src\AuthService\AuthService.API\AuthService.API.csproj", "{9E855FE3-FE31-4BDB-BA9A-8CE1C5A6927E}"
EndProject
Project("{9A19103F-16F7-4668-BE54-9A1E7A4F7556}") = "ApiGateway.API", "src\ApiGateway\ApiGateway.API\ApiGateway.API.csproj", "{E387B763-6C76-40B1-A947-C3747ED90A05}"
EndProject
Project("{9A19103F-16F7-4668-BE54-9A1E7A4F7556}") = "AuthService.Application", "src\AuthService\AuthService.Application\AuthService.Application.csproj", "{92E8CC3D-552A-4C22-9371-F21B8013E9D4}"
EndProject
Project("{9A19103F-16F7-4668-BE54-9A1E7A4F7556}") = "AuthService.Persistence", "src\AuthService\AuthService.Persistence\AuthService.Persistence.csproj", "{984D8AC3-84C2-4E94-8486-EEB46DBD8186}"
EndProject
Project("{9A19103F-16F7-4668-BE54-9A1E7A4F7556}") = "UserService.Application", "src\UserService\UserService.Application\UserService.Application.csproj", "{A7E07F05-D9A0-4773-B99C-04AEB86E04C5}"
EndProject
Project("{9A19103F-16F7-4668-BE54-9A1E7A4F7556}") = "UserService.Persistence", "src\UserService\UserService.Persistence\UserService.Persistence.csproj", "{A5B1DCA3-2D92-4FBE-8FD1-018257E69F9D}"
EndProject
Project("{2150E333-8FDC-42A3-9474-1A3956D46DE8}") = "src", "src", "{D5834C59-0879-40E1-9771-EF93FDA8D777}"
EndProject
Project("{2150E333-8FDC-42A3-9474-1A3956D46DE8}") = "ApiGateway", "ApiGateway", "{2773B65C-D771-4947-B554-5310A36472A7}"
EndProject
Project("{2150E333-8FDC-42A3-9474-1A3956D46DE8}") = "AuthService", "AuthService", "{39835210-1745-4985-AA2F-BAB59B74E358}"
EndProject
Project("{2150E333-8FDC-42A3-9474-1A3956D46DE8}") = "UserService", "UserService", "{105D806D-B6F1-43BB-8AA5-3F7A833971DC}"
EndProject
Project("{9A19103F-16F7-4668-BE54-9A1E7A4F7556}") = "UserService.Domain", "src\UserService\UserService.Domain\UserService.Domain.csproj", "{F8A76C42-120E-41F1-843F-8EDA6840F165}"
EndProject
Project("{9A19103F-16F7-4668-BE54-9A1E7A4F7556}") = "AuthService.Domain", "src\AuthService\AuthService.Domain\AuthService.Domain.csproj", "{DB8A46FC-A7AB-40FF-9323-062E3A215491}"
EndProject
Project("{9A19103F-16F7-4668-BE54-9A1E7A4F7556}") = "ApiGateway.Persistence", "src\ApiGateway\ApiGateway.Persistence\ApiGateway.Persistence.csproj", "{BACAB9D9-4E16-4BA7-9940-CA6C73D49F10}"
EndProject
Project("{2150E333-8FDC-42A3-9474-1A3956D46DE8}") = "AccessoryService", "AccessoryService", "{145885FB-FEA5-4422-8186-D1914BE84074}"
EndProject
Project("{FAE04EC0-301F-11D3-BF4B-00C04F79EFBC}") = "AccessoryService.API", "src\AccessoryService\AccessoryService.API\AccessoryService.API.csproj", "{6EA1AA61-AB1D-48DF-8708-7CBD85AE15EF}"
EndProject
Project("{FAE04EC0-301F-11D3-BF4B-00C04F79EFBC}") = "AccessoryService.Persistence", "src\AccessoryService\AccessoryService.Persistence\AccessoryService.Persistence.csproj", "{4C08740E-C815-4894-982C-A0E14E29B135}"
EndProject
Project("{FAE04EC0-301F-11D3-BF4B-00C04F79EFBC}") = "AccessoryService.Application", "src\AccessoryService\AccessoryService.Application\AccessoryService.Application.csproj", "{ABE7B446-685A-49BA-8ABC-3E8753DD4E94}"
EndProject
Project("{FAE04EC0-301F-11D3-BF4B-00C04F79EFBC}") = "AccessoryService.Domain", "src\AccessoryService\AccessoryService.Domain\AccessoryService.Domain.csproj", "{50286F2A-4330-444D-82CD-DF98033D5C74}"
EndProject
Global
	GlobalSection(SolutionConfigurationPlatforms) = preSolution
		Debug|Any CPU = Debug|Any CPU
		Release|Any CPU = Release|Any CPU
	EndGlobalSection
	GlobalSection(ProjectConfigurationPlatforms) = postSolution
		{28DFDEF9-A743-478E-ADC1-490259A77EC8}.Debug|Any CPU.ActiveCfg = Debug|Any CPU
		{28DFDEF9-A743-478E-ADC1-490259A77EC8}.Debug|Any CPU.Build.0 = Debug|Any CPU
		{28DFDEF9-A743-478E-ADC1-490259A77EC8}.Release|Any CPU.ActiveCfg = Release|Any CPU
		{28DFDEF9-A743-478E-ADC1-490259A77EC8}.Release|Any CPU.Build.0 = Release|Any CPU
		{9E855FE3-FE31-4BDB-BA9A-8CE1C5A6927E}.Debug|Any CPU.ActiveCfg = Debug|Any CPU
		{9E855FE3-FE31-4BDB-BA9A-8CE1C5A6927E}.Debug|Any CPU.Build.0 = Debug|Any CPU
		{9E855FE3-FE31-4BDB-BA9A-8CE1C5A6927E}.Release|Any CPU.ActiveCfg = Release|Any CPU
		{9E855FE3-FE31-4BDB-BA9A-8CE1C5A6927E}.Release|Any CPU.Build.0 = Release|Any CPU
		{E387B763-6C76-40B1-A947-C3747ED90A05}.Debug|Any CPU.ActiveCfg = Debug|Any CPU
		{E387B763-6C76-40B1-A947-C3747ED90A05}.Debug|Any CPU.Build.0 = Debug|Any CPU
		{E387B763-6C76-40B1-A947-C3747ED90A05}.Release|Any CPU.ActiveCfg = Release|Any CPU
		{E387B763-6C76-40B1-A947-C3747ED90A05}.Release|Any CPU.Build.0 = Release|Any CPU
		{92E8CC3D-552A-4C22-9371-F21B8013E9D4}.Debug|Any CPU.ActiveCfg = Debug|Any CPU
		{92E8CC3D-552A-4C22-9371-F21B8013E9D4}.Debug|Any CPU.Build.0 = Debug|Any CPU
		{92E8CC3D-552A-4C22-9371-F21B8013E9D4}.Release|Any CPU.ActiveCfg = Release|Any CPU
		{92E8CC3D-552A-4C22-9371-F21B8013E9D4}.Release|Any CPU.Build.0 = Release|Any CPU
		{984D8AC3-84C2-4E94-8486-EEB46DBD8186}.Debug|Any CPU.ActiveCfg = Debug|Any CPU
		{984D8AC3-84C2-4E94-8486-EEB46DBD8186}.Debug|Any CPU.Build.0 = Debug|Any CPU
		{984D8AC3-84C2-4E94-8486-EEB46DBD8186}.Release|Any CPU.ActiveCfg = Release|Any CPU
		{984D8AC3-84C2-4E94-8486-EEB46DBD8186}.Release|Any CPU.Build.0 = Release|Any CPU
		{A7E07F05-D9A0-4773-B99C-04AEB86E04C5}.Debug|Any CPU.ActiveCfg = Debug|Any CPU
		{A7E07F05-D9A0-4773-B99C-04AEB86E04C5}.Debug|Any CPU.Build.0 = Debug|Any CPU
		{A7E07F05-D9A0-4773-B99C-04AEB86E04C5}.Release|Any CPU.ActiveCfg = Release|Any CPU
		{A7E07F05-D9A0-4773-B99C-04AEB86E04C5}.Release|Any CPU.Build.0 = Release|Any CPU
		{A5B1DCA3-2D92-4FBE-8FD1-018257E69F9D}.Debug|Any CPU.ActiveCfg = Debug|Any CPU
		{A5B1DCA3-2D92-4FBE-8FD1-018257E69F9D}.Debug|Any CPU.Build.0 = Debug|Any CPU
		{A5B1DCA3-2D92-4FBE-8FD1-018257E69F9D}.Release|Any CPU.ActiveCfg = Release|Any CPU
		{A5B1DCA3-2D92-4FBE-8FD1-018257E69F9D}.Release|Any CPU.Build.0 = Release|Any CPU
		{F8A76C42-120E-41F1-843F-8EDA6840F165}.Debug|Any CPU.ActiveCfg = Debug|Any CPU
		{F8A76C42-120E-41F1-843F-8EDA6840F165}.Debug|Any CPU.Build.0 = Debug|Any CPU
		{F8A76C42-120E-41F1-843F-8EDA6840F165}.Release|Any CPU.ActiveCfg = Release|Any CPU
		{F8A76C42-120E-41F1-843F-8EDA6840F165}.Release|Any CPU.Build.0 = Release|Any CPU
		{DB8A46FC-A7AB-40FF-9323-062E3A215491}.Debug|Any CPU.ActiveCfg = Debug|Any CPU
		{DB8A46FC-A7AB-40FF-9323-062E3A215491}.Debug|Any CPU.Build.0 = Debug|Any CPU
		{DB8A46FC-A7AB-40FF-9323-062E3A215491}.Release|Any CPU.ActiveCfg = Release|Any CPU
		{DB8A46FC-A7AB-40FF-9323-062E3A215491}.Release|Any CPU.Build.0 = Release|Any CPU
		{BACAB9D9-4E16-4BA7-9940-CA6C73D49F10}.Debug|Any CPU.ActiveCfg = Debug|Any CPU
		{BACAB9D9-4E16-4BA7-9940-CA6C73D49F10}.Debug|Any CPU.Build.0 = Debug|Any CPU
		{BACAB9D9-4E16-4BA7-9940-CA6C73D49F10}.Release|Any CPU.ActiveCfg = Release|Any CPU
		{BACAB9D9-4E16-4BA7-9940-CA6C73D49F10}.Release|Any CPU.Build.0 = Release|Any CPU
		{6EA1AA61-AB1D-48DF-8708-7CBD85AE15EF}.Debug|Any CPU.ActiveCfg = Debug|Any CPU
		{6EA1AA61-AB1D-48DF-8708-7CBD85AE15EF}.Debug|Any CPU.Build.0 = Debug|Any CPU
		{6EA1AA61-AB1D-48DF-8708-7CBD85AE15EF}.Release|Any CPU.ActiveCfg = Release|Any CPU
		{6EA1AA61-AB1D-48DF-8708-7CBD85AE15EF}.Release|Any CPU.Build.0 = Release|Any CPU
		{4C08740E-C815-4894-982C-A0E14E29B135}.Debug|Any CPU.ActiveCfg = Debug|Any CPU
		{4C08740E-C815-4894-982C-A0E14E29B135}.Debug|Any CPU.Build.0 = Debug|Any CPU
		{4C08740E-C815-4894-982C-A0E14E29B135}.Release|Any CPU.ActiveCfg = Release|Any CPU
		{4C08740E-C815-4894-982C-A0E14E29B135}.Release|Any CPU.Build.0 = Release|Any CPU
		{ABE7B446-685A-49BA-8ABC-3E8753DD4E94}.Debug|Any CPU.ActiveCfg = Debug|Any CPU
		{ABE7B446-685A-49BA-8ABC-3E8753DD4E94}.Debug|Any CPU.Build.0 = Debug|Any CPU
		{ABE7B446-685A-49BA-8ABC-3E8753DD4E94}.Release|Any CPU.ActiveCfg = Release|Any CPU
		{ABE7B446-685A-49BA-8ABC-3E8753DD4E94}.Release|Any CPU.Build.0 = Release|Any CPU
		{50286F2A-4330-444D-82CD-DF98033D5C74}.Debug|Any CPU.ActiveCfg = Debug|Any CPU
		{50286F2A-4330-444D-82CD-DF98033D5C74}.Debug|Any CPU.Build.0 = Debug|Any CPU
		{50286F2A-4330-444D-82CD-DF98033D5C74}.Release|Any CPU.ActiveCfg = Release|Any CPU
		{50286F2A-4330-444D-82CD-DF98033D5C74}.Release|Any CPU.Build.0 = Release|Any CPU
	EndGlobalSection
	GlobalSection(SolutionProperties) = preSolution
		HideSolutionNode = FALSE
	EndGlobalSection
	GlobalSection(NestedProjects) = preSolution
		{28DFDEF9-A743-478E-ADC1-490259A77EC8} = {105D806D-B6F1-43BB-8AA5-3F7A833971DC}
		{9E855FE3-FE31-4BDB-BA9A-8CE1C5A6927E} = {39835210-1745-4985-AA2F-BAB59B74E358}
		{E387B763-6C76-40B1-A947-C3747ED90A05} = {2773B65C-D771-4947-B554-5310A36472A7}
		{92E8CC3D-552A-4C22-9371-F21B8013E9D4} = {39835210-1745-4985-AA2F-BAB59B74E358}
		{984D8AC3-84C2-4E94-8486-EEB46DBD8186} = {39835210-1745-4985-AA2F-BAB59B74E358}
		{A7E07F05-D9A0-4773-B99C-04AEB86E04C5} = {105D806D-B6F1-43BB-8AA5-3F7A833971DC}
		{A5B1DCA3-2D92-4FBE-8FD1-018257E69F9D} = {105D806D-B6F1-43BB-8AA5-3F7A833971DC}
		{2773B65C-D771-4947-B554-5310A36472A7} = {D5834C59-0879-40E1-9771-EF93FDA8D777}
		{39835210-1745-4985-AA2F-BAB59B74E358} = {D5834C59-0879-40E1-9771-EF93FDA8D777}
		{105D806D-B6F1-43BB-8AA5-3F7A833971DC} = {D5834C59-0879-40E1-9771-EF93FDA8D777}
		{F8A76C42-120E-41F1-843F-8EDA6840F165} = {105D806D-B6F1-43BB-8AA5-3F7A833971DC}
		{DB8A46FC-A7AB-40FF-9323-062E3A215491} = {39835210-1745-4985-AA2F-BAB59B74E358}
		{BACAB9D9-4E16-4BA7-9940-CA6C73D49F10} = {2773B65C-D771-4947-B554-5310A36472A7}
		{145885FB-FEA5-4422-8186-D1914BE84074} = {D5834C59-0879-40E1-9771-EF93FDA8D777}
		{6EA1AA61-AB1D-48DF-8708-7CBD85AE15EF} = {145885FB-FEA5-4422-8186-D1914BE84074}
		{4C08740E-C815-4894-982C-A0E14E29B135} = {145885FB-FEA5-4422-8186-D1914BE84074}
		{ABE7B446-685A-49BA-8ABC-3E8753DD4E94} = {145885FB-FEA5-4422-8186-D1914BE84074}
		{50286F2A-4330-444D-82CD-DF98033D5C74} = {145885FB-FEA5-4422-8186-D1914BE84074}
	EndGlobalSection
	GlobalSection(ExtensibilityGlobals) = postSolution
		SolutionGuid = {65BA62C5-0077-464B-B80E-7007D11A8AEB}
	EndGlobalSection
EndGlobal
